// !$*UTF8*$!
{
	archiveVersion = 1;
	classes = {
	};
	objectVersion = 48;
	objects = {

/* Begin PBXBuildFile section */
		FAC1F63A1FADFD10008EC84A /* AppDelegate.swift in Sources */ = {isa = PBXBuildFile; fileRef = FAC1F6391FADFD10008EC84A /* AppDelegate.swift */; };
		FAC1F63C1FADFD10008EC84A /* art.scnassets in Resources */ = {isa = PBXBuildFile; fileRef = FAC1F63B1FADFD10008EC84A /* art.scnassets */; };
		FAC1F63E1FADFD10008EC84A /* ViewController.swift in Sources */ = {isa = PBXBuildFile; fileRef = FAC1F63D1FADFD10008EC84A /* ViewController.swift */; };
		FAC1F6411FADFD10008EC84A /* Main.storyboard in Resources */ = {isa = PBXBuildFile; fileRef = FAC1F63F1FADFD10008EC84A /* Main.storyboard */; };
		FAC1F6431FADFD10008EC84A /* Assets.xcassets in Resources */ = {isa = PBXBuildFile; fileRef = FAC1F6421FADFD10008EC84A /* Assets.xcassets */; };
		FAC1F6461FADFD10008EC84A /* LaunchScreen.storyboard in Resources */ = {isa = PBXBuildFile; fileRef = FAC1F6441FADFD10008EC84A /* LaunchScreen.storyboard */; };
/* End PBXBuildFile section */

/* Begin PBXFileReference section */
		FAC1F6361FADFD10008EC84A /* MeasureFun.app */ = {isa = PBXFileReference; explicitFileType = wrapper.application; includeInIndex = 0; path = MeasureFun.app; sourceTree = BUILT_PRODUCTS_DIR; };
		FAC1F6391FADFD10008EC84A /* AppDelegate.swift */ = {isa = PBXFileReference; lastKnownFileType = sourcecode.swift; path = AppDelegate.swift; sourceTree = "<group>"; };
		FAC1F63B1FADFD10008EC84A /* art.scnassets */ = {isa = PBXFileReference; lastKnownFileType = wrapper.scnassets; path = art.scnassets; sourceTree = "<group>"; };
		FAC1F63D1FADFD10008EC84A /* ViewController.swift */ = {isa = PBXFileReference; lastKnownFileType = sourcecode.swift; path = ViewController.swift; sourceTree = "<group>"; };
		FAC1F6401FADFD10008EC84A /* Base */ = {isa = PBXFileReference; lastKnownFileType = file.storyboard; name = Base; path = Base.lproj/Main.storyboard; sourceTree = "<group>"; };
		FAC1F6421FADFD10008EC84A /* Assets.xcassets */ = {isa = PBXFileReference; lastKnownFileType = folder.assetcatalog; path = Assets.xcassets; sourceTree = "<group>"; };
		FAC1F6451FADFD10008EC84A /* Base */ = {isa = PBXFileReference; lastKnownFileType = file.storyboard; name = Base; path = Base.lproj/LaunchScreen.storyboard; sourceTree = "<group>"; };
		FAC1F6471FADFD10008EC84A /* Info.plist */ = {isa = PBXFileReference; lastKnownFileType = text.plist.xml; path = Info.plist; sourceTree = "<group>"; };
/* End PBXFileReference section */

/* Begin PBXFrameworksBuildPhase section */
		FAC1F6331FADFD10008EC84A /* Frameworks */ = {
			isa = PBXFrameworksBuildPhase;
			buildActionMask = 2147483647;
			files = (
			);
			runOnlyForDeploymentPostprocessing = 0;
		};
/* End PBXFrameworksBuildPhase section */

/* Begin PBXGroup section */
		FAC1F62D1FADFD10008EC84A = {
			isa = PBXGroup;
			children = (
				FAC1F6381FADFD10008EC84A /* MeasureFun */,
				FAC1F6371FADFD10008EC84A /* Products */,
			);
			sourceTree = "<group>";
		};
		FAC1F6371FADFD10008EC84A /* Products */ = {
			isa = PBXGroup;
			children = (
				FAC1F6361FADFD10008EC84A /* MeasureFun.app */,
			);
			name = Products;
			sourceTree = "<group>";
		};
		FAC1F6381FADFD10008EC84A /* MeasureFun */ = {
			isa = PBXGroup;
			children = (
				FAC1F6391FADFD10008EC84A /* AppDelegate.swift */,
				FAC1F63B1FADFD10008EC84A /* art.scnassets */,
				FAC1F63D1FADFD10008EC84A /* ViewController.swift */,
				FAC1F63F1FADFD10008EC84A /* Main.storyboard */,
				FAC1F6421FADFD10008EC84A /* Assets.xcassets */,
				FAC1F6441FADFD10008EC84A /* LaunchScreen.storyboard */,
				FAC1F6471FADFD10008EC84A /* Info.plist */,
			);
			path = MeasureFun;
			sourceTree = "<group>";
		};
/* End PBXGroup section */

/* Begin PBXNativeTarget section */
		FAC1F6351FADFD10008EC84A /* MeasureFun */ = {
			isa = PBXNativeTarget;
			buildConfigurationList = FAC1F64A1FADFD10008EC84A /* Build configuration list for PBXNativeTarget "MeasureFun" */;
			buildPhases = (
				FAC1F6321FADFD10008EC84A /* Sources */,
				FAC1F6331FADFD10008EC84A /* Frameworks */,
				FAC1F6341FADFD10008EC84A /* Resources */,
			);
			buildRules = (
			);
			dependencies = (
			);
			name = MeasureFun;
			productName = MeasureFun;
			productReference = FAC1F6361FADFD10008EC84A /* MeasureFun.app */;
			productType = "com.apple.product-type.application";
		};
/* End PBXNativeTarget section */

/* Begin PBXProject section */
		FAC1F62E1FADFD10008EC84A /* Project object */ = {
			isa = PBXProject;
			attributes = {
				LastSwiftUpdateCheck = 0910;
				LastUpgradeCheck = 0910;
				ORGANIZATIONNAME = Alex;
				TargetAttributes = {
					FAC1F6351FADFD10008EC84A = {
						CreatedOnToolsVersion = 9.1;
						ProvisioningStyle = Automatic;
					};
				};
			};
			buildConfigurationList = FAC1F6311FADFD10008EC84A /* Build configuration list for PBXProject "MeasureFun" */;
			compatibilityVersion = "Xcode 8.0";
			developmentRegion = en;
			hasScannedForEncodings = 0;
			knownRegions = (
				en,
				Base,
			);
			mainGroup = FAC1F62D1FADFD10008EC84A;
			productRefGroup = FAC1F6371FADFD10008EC84A /* Products */;
			projectDirPath = "";
			projectRoot = "";
			targets = (
				FAC1F6351FADFD10008EC84A /* MeasureFun */,
			);
		};
/* End PBXProject section */

/* Begin PBXResourcesBuildPhase section */
		FAC1F6341FADFD10008EC84A /* Resources */ = {
			isa = PBXResourcesBuildPhase;
			buildActionMask = 2147483647;
			files = (
				FAC1F63C1FADFD10008EC84A /* art.scnassets in Resources */,
				FAC1F6461FADFD10008EC84A /* LaunchScreen.storyboard in Resources */,
				FAC1F6431FADFD10008EC84A /* Assets.xcassets in Resources */,
				FAC1F6411FADFD10008EC84A /* Main.storyboard in Resources */,
			);
			runOnlyForDeploymentPostprocessing = 0;
		};
/* End PBXResourcesBuildPhase section */

/* Begin PBXSourcesBuildPhase section */
		FAC1F6321FADFD10008EC84A /* Sources */ = {
			isa = PBXSourcesBuildPhase;
			buildActionMask = 2147483647;
			files = (
				FAC1F63E1FADFD10008EC84A /* ViewController.swift in Sources */,
				FAC1F63A1FADFD10008EC84A /* AppDelegate.swift in Sources */,
			);
			runOnlyForDeploymentPostprocessing = 0;
		};
/* End PBXSourcesBuildPhase section */

/* Begin PBXVariantGroup section */
		FAC1F63F1FADFD10008EC84A /* Main.storyboard */ = {
			isa = PBXVariantGroup;
			children = (
				FAC1F6401FADFD10008EC84A /* Base */,
			);
			name = Main.storyboard;
			sourceTree = "<group>";
		};
		FAC1F6441FADFD10008EC84A /* LaunchScreen.storyboard */ = {
			isa = PBXVariantGroup;
			children = (
				FAC1F6451FADFD10008EC84A /* Base */,
			);
			name = LaunchScreen.storyboard;
			sourceTree = "<group>";
		};
/* End PBXVariantGroup section */

/* Begin XCBuildConfiguration section */
		FAC1F6481FADFD10008EC84A /* Debug */ = {
			isa = XCBuildConfiguration;
			buildSettings = {
				ALWAYS_SEARCH_USER_PATHS = NO;
				CLANG_ANALYZER_NONNULL = YES;
				CLANG_ANALYZER_NUMBER_OBJECT_CONVERSION = YES_AGGRESSIVE;
				CLANG_CXX_LANGUAGE_STANDARD = "gnu++14";
				CLANG_CXX_LIBRARY = "libc++";
				CLANG_ENABLE_MODULES = YES;
				CLANG_ENABLE_OBJC_ARC = YES;
				CLANG_WARN_BLOCK_CAPTURE_AUTORELEASING = YES;
				CLANG_WARN_BOOL_CONVERSION = YES;
				CLANG_WARN_COMMA = YES;
				CLANG_WARN_CONSTANT_CONVERSION = YES;
				CLANG_WARN_DIRECT_OBJC_ISA_USAGE = YES_ERROR;
				CLANG_WARN_DOCUMENTATION_COMMENTS = YES;
				CLANG_WARN_EMPTY_BODY = YES;
				CLANG_WARN_ENUM_CONVERSION = YES;
				CLANG_WARN_INFINITE_RECURSION = YES;
				CLANG_WARN_INT_CONVERSION = YES;
				CLANG_WARN_NON_LITERAL_NULL_CONVERSION = YES;
				CLANG_WARN_OBJC_LITERAL_CONVERSION = YES;
				CLANG_WARN_OBJC_ROOT_CLASS = YES_ERROR;
				CLANG_WARN_RANGE_LOOP_ANALYSIS = YES;
				CLANG_WARN_STRICT_PROTOTYPES = YES;
				CLANG_WARN_SUSPICIOUS_MOVE = YES;
				CLANG_WARN_UNGUARDED_AVAILABILITY = YES_AGGRESSIVE;
				CLANG_WARN_UNREACHABLE_CODE = YES;
				CLANG_WARN__DUPLICATE_METHOD_MATCH = YES;
				CODE_SIGN_IDENTITY = "iPhone Developer";
				COPY_PHASE_STRIP = NO;
				DEBUG_INFORMATION_FORMAT = dwarf;
				ENABLE_STRICT_OBJC_MSGSEND = YES;
				ENABLE_TESTABILITY = YES;
				GCC_C_LANGUAGE_STANDARD = gnu11;
				GCC_DYNAMIC_NO_PIC = NO;
				GCC_NO_COMMON_BLOCKS = YES;
				GCC_OPTIMIZATION_LEVEL = 0;
				GCC_PREPROCESSOR_DEFINITIONS = (
					"DEBUG=1",
					"$(inherited)",
				);
				GCC_WARN_64_TO_32_BIT_CONVERSION = YES;
				GCC_WARN_ABOUT_RETURN_TYPE = YES_ERROR;
				GCC_WARN_UNDECLARED_SELECTOR = YES;
				GCC_WARN_UNINITIALIZED_AUTOS = YES_AGGRESSIVE;
				GCC_WARN_UNUSED_FUNCTION = YES;
				GCC_WARN_UNUSED_VARIABLE = YES;
				IPHONEOS_DEPLOYMENT_TARGET = 11.1;
				MTL_ENABLE_DEBUG_INFO = YES;
				ONLY_ACTIVE_ARCH = YES;
				SDKROOT = iphoneos;
				SWIFT_ACTIVE_COMPILATION_CONDITIONS = DEBUG;
				SWIFT_OPTIMIZATION_LEVEL = "-Onone";
			};
			name = Debug;
		};
		FAC1F6491FADFD10008EC84A /* Release */ = {
			isa = XCBuildConfiguration;
			buildSettings = {
				ALWAYS_SEARCH_USER_PATHS = NO;
				CLANG_ANALYZER_NONNULL = YES;
				CLANG_ANALYZER_NUMBER_OBJECT_CONVERSION = YES_AGGRESSIVE;
				CLANG_CXX_LANGUAGE_STANDARD = "gnu++14";
				CLANG_CXX_LIBRARY = "libc++";
				CLANG_ENABLE_MODULES = YES;
				CLANG_ENABLE_OBJC_ARC = YES;
				CLANG_WARN_BLOCK_CAPTURE_AUTORELEASING = YES;
				CLANG_WARN_BOOL_CONVERSION = YES;
				CLANG_WARN_COMMA = YES;
				CLANG_WARN_CONSTANT_CONVERSION = YES;
				CLANG_WARN_DIRECT_OBJC_ISA_USAGE = YES_ERROR;
				CLANG_WARN_DOCUMENTATION_COMMENTS = YES;
				CLANG_WARN_EMPTY_BODY = YES;
				CLANG_WARN_ENUM_CONVERSION = YES;
				CLANG_WARN_INFINITE_RECURSION = YES;
				CLANG_WARN_INT_CONVERSION = YES;
				CLANG_WARN_NON_LITERAL_NULL_CONVERSION = YES;
				CLANG_WARN_OBJC_LITERAL_CONVERSION = YES;
				CLANG_WARN_OBJC_ROOT_CLASS = YES_ERROR;
				CLANG_WARN_RANGE_LOOP_ANALYSIS = YES;
				CLANG_WARN_STRICT_PROTOTYPES = YES;
				CLANG_WARN_SUSPICIOUS_MOVE = YES;
				CLANG_WARN_UNGUARDED_AVAILABILITY = YES_AGGRESSIVE;
				CLANG_WARN_UNREACHABLE_CODE = YES;
				CLANG_WARN__DUPLICATE_METHOD_MATCH = YES;
				CODE_SIGN_IDENTITY = "iPhone Developer";
				COPY_PHASE_STRIP = NO;
				DEBUG_INFORMATION_FORMAT = "dwarf-with-dsym";
				ENABLE_NS_ASSERTIONS = NO;
				ENABLE_STRICT_OBJC_MSGSEND = YES;
				GCC_C_LANGUAGE_STANDARD = gnu11;
				GCC_NO_COMMON_BLOCKS = YES;
				GCC_WARN_64_TO_32_BIT_CONVERSION = YES;
				GCC_WARN_ABOUT_RETURN_TYPE = YES_ERROR;
				GCC_WARN_UNDECLARED_SELECTOR = YES;
				GCC_WARN_UNINITIALIZED_AUTOS = YES_AGGRESSIVE;
				GCC_WARN_UNUSED_FUNCTION = YES;
				GCC_WARN_UNUSED_VARIABLE = YES;
				IPHONEOS_DEPLOYMENT_TARGET = 11.1;
				MTL_ENABLE_DEBUG_INFO = NO;
				SDKROOT = iphoneos;
				SWIFT_OPTIMIZATION_LEVEL = "-Owholemodule";
				VALIDATE_PRODUCT = YES;
			};
			name = Release;
		};
		FAC1F64B1FADFD10008EC84A /* Debug */ = {
			isa = XCBuildConfiguration;
			buildSettings = {
				ASSETCATALOG_COMPILER_APPICON_NAME = AppIcon;
				CODE_SIGN_STYLE = Automatic;
				DEVELOPMENT_TEAM = 8J5N5LH7MS;
				INFOPLIST_FILE = MeasureFun/Info.plist;
				LD_RUNPATH_SEARCH_PATHS = "$(inherited) @executable_path/Frameworks";
				PRODUCT_BUNDLE_IDENTIFIER = com.Alex.MeasureFun;
				PRODUCT_NAME = "$(TARGET_NAME)";
				SWIFT_VERSION = 4.0;
				TARGETED_DEVICE_FAMILY = "1,2";
			};
			name = Debug;
		};
		FAC1F64C1FADFD10008EC84A /* Release */ = {
			isa = XCBuildConfiguration;
			buildSettings = {
				ASSETCATALOG_COMPILER_APPICON_NAME = AppIcon;
				CODE_SIGN_STYLE = Automatic;
				DEVELOPMENT_TEAM = 8J5N5LH7MS;
				INFOPLIST_FILE = MeasureFun/Info.plist;
				LD_RUNPATH_SEARCH_PATHS = "$(inherited) @executable_path/Frameworks";
				PRODUCT_BUNDLE_IDENTIFIER = com.Alex.MeasureFun;
				PRODUCT_NAME = "$(TARGET_NAME)";
				SWIFT_VERSION = 4.0;
				TARGETED_DEVICE_FAMILY = "1,2";
			};
			name = Release;
		};
/* End XCBuildConfiguration section */

/* Begin XCConfigurationList section */
		FAC1F6311FADFD10008EC84A /* Build configuration list for PBXProject "MeasureFun" */ = {
			isa = XCConfigurationList;
			buildConfigurations = (
				FAC1F6481FADFD10008EC84A /* Debug */,
				FAC1F6491FADFD10008EC84A /* Release */,
			);
			defaultConfigurationIsVisible = 0;
			defaultConfigurationName = Release;
		};
		FAC1F64A1FADFD10008EC84A /* Build configuration list for PBXNativeTarget "MeasureFun" */ = {
			isa = XCConfigurationList;
			buildConfigurations = (
				FAC1F64B1FADFD10008EC84A /* Debug */,
				FAC1F64C1FADFD10008EC84A /* Release */,
			);
			defaultConfigurationIsVisible = 0;
			defaultConfigurationName = Release;
		};
/* End XCConfigurationList section */
	};
	rootObject = FAC1F62E1FADFD10008EC84A /* Project object */;
}
